
Microsoft Visual Studio Solution File, Format Version 11.00
# Visual Studio 2010
Project("{2150E333-8FDC-42A3-9474-1A3956D46DE8}") = "Bin", "Bin", "{7AA5B14E-F6D2-4574-B65C-96E1781F2000}"
	ProjectSection(SolutionItems) = preProject
		Bin\AutoMapper.dll = Bin\AutoMapper.dll
		Bin\Castle.Core.dll = Bin\Castle.Core.dll
		Bin\Castle.Windsor.dll = Bin\Castle.Windsor.dll
		Bin\Elmah.dll = Bin\Elmah.dll
		Bin\HibernatingRhinos.Profiler.Appender.dll = Bin\HibernatingRhinos.Profiler.Appender.dll
		Bin\Microsoft.Practices.ServiceLocation.dll = Bin\Microsoft.Practices.ServiceLocation.dll
		Bin\Microsoft.Web.Mvc.dll = Bin\Microsoft.Web.Mvc.dll
		Bin\MvcContrib.dll = Bin\MvcContrib.dll
		Bin\MvcContrib.FluentHtml.dll = Bin\MvcContrib.FluentHtml.dll
		Bin\MvcContrib.TestHelper.dll = Bin\MvcContrib.TestHelper.dll
		Bin\Newtonsoft.Json.dll = Bin\Newtonsoft.Json.dll
		Bin\Rhino.Mocks.dll = Bin\Rhino.Mocks.dll
		Bin\System.Data.SQLite.DLL = Bin\System.Data.SQLite.DLL
	EndProjectSection
EndProject
Project("{FAE04EC0-301F-11D3-BF4B-00C04F79EFBC}") = "UCDArch.Web", "UCDArch.Web\UCDArch.Web.csproj", "{CDEA60DF-144D-41C5-81F1-EADF33FF9FA9}"
EndProject
Project("{FAE04EC0-301F-11D3-BF4B-00C04F79EFBC}") = "UCDArch.Web.Providers", "UCDArch.Web.Providers\UCDArch.Web.Providers.csproj", "{57768AA4-10DF-471C-A59E-3CF4D22AF61B}"
EndProject
Project("{FAE04EC0-301F-11D3-BF4B-00C04F79EFBC}") = "UCDArch.Data", "UCDArch.Data\UCDArch.Data.csproj", "{59D6FA42-C4BA-4F49-81F1-BC36B641E7CB}"
EndProject
Project("{FAE04EC0-301F-11D3-BF4B-00C04F79EFBC}") = "UCDArch.Core", "UCDArch.Core\UCDArch.Core.csproj", "{5D518D9F-6249-4676-99DF-2893A1C2BDAF}"
EndProject
Project("{FAE04EC0-301F-11D3-BF4B-00C04F79EFBC}") = "UCDArch.Testing", "UCDArch.Testing\UCDArch.Testing.csproj", "{5C40250D-E958-47BC-B8FE-4241744E5BE6}"
EndProject
Project("{FAE04EC0-301F-11D3-BF4B-00C04F79EFBC}") = "UCDArch.Tests", "UCDArch.Tests\UCDArch.Tests.csproj", "{7DDB95E3-4BF7-49A9-BFAE-DFBDB0F8F3B0}"
EndProject
Project("{FAE04EC0-301F-11D3-BF4B-00C04F79EFBC}") = "UCDArch.Core.NHibernateValidator", "UCDArch.Core.NHibernateValidator\UCDArch.Core.NHibernateValidator.csproj", "{BD08E187-F0F4-4AC0-ABB5-B3356BF33F6E}"
EndProject
Project("{FAE04EC0-301F-11D3-BF4B-00C04F79EFBC}") = "UCDArch.RegressionTests", "UCDArch.RegressionTests\UCDArch.RegressionTests.csproj", "{9BEB0306-FE27-41CA-B966-667358312176}"
EndProject
Project("{FAE04EC0-301F-11D3-BF4B-00C04F79EFBC}") = "UCDArch.ReferenceLinker", "UCDArch.ReferenceLinker\UCDArch.ReferenceLinker.csproj", "{E96AA00D-2EB3-498F-8BAB-A00B449A7903}"
EndProject
Project("{2150E333-8FDC-42A3-9474-1A3956D46DE8}") = "Build", "Build", "{54A9ADB0-2E4C-4A09-8F9B-46D5B30E6DA3}"
	ProjectSection(SolutionItems) = preProject
		Build.cmd = Build.cmd
		Build\Build.proj = Build\Build.proj
		Build\Build.tasks = Build\Build.tasks
		Build\CAESDO.snk = Build\CAESDO.snk
		Build\CommonAssemblyInfo.cs = Build\CommonAssemblyInfo.cs
	EndProjectSection
EndProject
Project("{2150E333-8FDC-42A3-9474-1A3956D46DE8}") = "ILMerge", "ILMerge", "{CE4BF466-63EF-4B18-8E8C-31088C38DA9F}"
	ProjectSection(SolutionItems) = preProject
		Build\ILMerge\ILMerge License.rtf = Build\ILMerge\ILMerge License.rtf
		Build\ILMerge\ILMerge.doc = Build\ILMerge\ILMerge.doc
		Build\ILMerge\ILMerge.exe = Build\ILMerge\ILMerge.exe
	EndProjectSection
EndProject
Project("{FAE04EC0-301F-11D3-BF4B-00C04F79EFBC}") = "UCDArch.Core.DataAnnotationsValidator", "UCDArch.Core.DataAnnotationsValidator\UCDArch.Core.DataAnnotationsValidator.csproj", "{8CB85C53-2429-422C-BA79-8C90EDE4EC4D}"
EndProject
Project("{2150E333-8FDC-42A3-9474-1A3956D46DE8}") = "Lib", "Lib", "{AD2B027D-7009-47B5-892A-63B6D266B4AF}"
	ProjectSection(SolutionItems) = preProject
		Build\Lib\System.Web.Mvc.dll = Build\Lib\System.Web.Mvc.dll
		Build\Lib\System.Web.WebPages.dll = Build\Lib\System.Web.WebPages.dll
	EndProjectSection
EndProject
Global
	GlobalSection(SolutionConfigurationPlatforms) = preSolution
		Debug|Any CPU = Debug|Any CPU
		Release|Any CPU = Release|Any CPU
	EndGlobalSection
	GlobalSection(ProjectConfigurationPlatforms) = postSolution
		{CDEA60DF-144D-41C5-81F1-EADF33FF9FA9}.Debug|Any CPU.ActiveCfg = Debug|Any CPU
		{CDEA60DF-144D-41C5-81F1-EADF33FF9FA9}.Debug|Any CPU.Build.0 = Debug|Any CPU
		{CDEA60DF-144D-41C5-81F1-EADF33FF9FA9}.Release|Any CPU.ActiveCfg = Release|Any CPU
		{CDEA60DF-144D-41C5-81F1-EADF33FF9FA9}.Release|Any CPU.Build.0 = Release|Any CPU
		{57768AA4-10DF-471C-A59E-3CF4D22AF61B}.Debug|Any CPU.ActiveCfg = Debug|Any CPU
		{57768AA4-10DF-471C-A59E-3CF4D22AF61B}.Debug|Any CPU.Build.0 = Debug|Any CPU
		{57768AA4-10DF-471C-A59E-3CF4D22AF61B}.Release|Any CPU.ActiveCfg = Release|Any CPU
		{57768AA4-10DF-471C-A59E-3CF4D22AF61B}.Release|Any CPU.Build.0 = Release|Any CPU
		{59D6FA42-C4BA-4F49-81F1-BC36B641E7CB}.Debug|Any CPU.ActiveCfg = Debug|Any CPU
		{59D6FA42-C4BA-4F49-81F1-BC36B641E7CB}.Debug|Any CPU.Build.0 = Debug|Any CPU
		{59D6FA42-C4BA-4F49-81F1-BC36B641E7CB}.Release|Any CPU.ActiveCfg = Release|Any CPU
		{59D6FA42-C4BA-4F49-81F1-BC36B641E7CB}.Release|Any CPU.Build.0 = Release|Any CPU
		{5D518D9F-6249-4676-99DF-2893A1C2BDAF}.Debug|Any CPU.ActiveCfg = Debug|Any CPU
		{5D518D9F-6249-4676-99DF-2893A1C2BDAF}.Debug|Any CPU.Build.0 = Debug|Any CPU
		{5D518D9F-6249-4676-99DF-2893A1C2BDAF}.Release|Any CPU.ActiveCfg = Release|Any CPU
		{5D518D9F-6249-4676-99DF-2893A1C2BDAF}.Release|Any CPU.Build.0 = Release|Any CPU
		{5C40250D-E958-47BC-B8FE-4241744E5BE6}.Debug|Any CPU.ActiveCfg = Debug|Any CPU
		{5C40250D-E958-47BC-B8FE-4241744E5BE6}.Debug|Any CPU.Build.0 = Debug|Any CPU
		{5C40250D-E958-47BC-B8FE-4241744E5BE6}.Release|Any CPU.ActiveCfg = Release|Any CPU
		{5C40250D-E958-47BC-B8FE-4241744E5BE6}.Release|Any CPU.Build.0 = Release|Any CPU
		{7DDB95E3-4BF7-49A9-BFAE-DFBDB0F8F3B0}.Debug|Any CPU.ActiveCfg = Debug|Any CPU
		{7DDB95E3-4BF7-49A9-BFAE-DFBDB0F8F3B0}.Debug|Any CPU.Build.0 = Debug|Any CPU
		{7DDB95E3-4BF7-49A9-BFAE-DFBDB0F8F3B0}.Release|Any CPU.ActiveCfg = Release|Any CPU
		{7DDB95E3-4BF7-49A9-BFAE-DFBDB0F8F3B0}.Release|Any CPU.Build.0 = Release|Any CPU
		{BD08E187-F0F4-4AC0-ABB5-B3356BF33F6E}.Debug|Any CPU.ActiveCfg = Debug|Any CPU
		{BD08E187-F0F4-4AC0-ABB5-B3356BF33F6E}.Debug|Any CPU.Build.0 = Debug|Any CPU
		{BD08E187-F0F4-4AC0-ABB5-B3356BF33F6E}.Release|Any CPU.ActiveCfg = Release|Any CPU
		{BD08E187-F0F4-4AC0-ABB5-B3356BF33F6E}.Release|Any CPU.Build.0 = Release|Any CPU
		{9BEB0306-FE27-41CA-B966-667358312176}.Debug|Any CPU.ActiveCfg = Debug|Any CPU
		{9BEB0306-FE27-41CA-B966-667358312176}.Debug|Any CPU.Build.0 = Debug|Any CPU
		{9BEB0306-FE27-41CA-B966-667358312176}.Release|Any CPU.ActiveCfg = Release|Any CPU
		{9BEB0306-FE27-41CA-B966-667358312176}.Release|Any CPU.Build.0 = Release|Any CPU
		{E96AA00D-2EB3-498F-8BAB-A00B449A7903}.Debug|Any CPU.ActiveCfg = Debug|Any CPU
		{E96AA00D-2EB3-498F-8BAB-A00B449A7903}.Debug|Any CPU.Build.0 = Debug|Any CPU
		{E96AA00D-2EB3-498F-8BAB-A00B449A7903}.Release|Any CPU.ActiveCfg = Release|Any CPU
		{E96AA00D-2EB3-498F-8BAB-A00B449A7903}.Release|Any CPU.Build.0 = Release|Any CPU
		{8CB85C53-2429-422C-BA79-8C90EDE4EC4D}.Debug|Any CPU.ActiveCfg = Debug|Any CPU
		{8CB85C53-2429-422C-BA79-8C90EDE4EC4D}.Debug|Any CPU.Build.0 = Debug|Any CPU
		{8CB85C53-2429-422C-BA79-8C90EDE4EC4D}.Release|Any CPU.ActiveCfg = Release|Any CPU
		{8CB85C53-2429-422C-BA79-8C90EDE4EC4D}.Release|Any CPU.Build.0 = Release|Any CPU
	EndGlobalSection
	GlobalSection(SolutionProperties) = preSolution
		HideSolutionNode = FALSE
	EndGlobalSection
	GlobalSection(NestedProjects) = preSolution
		{CE4BF466-63EF-4B18-8E8C-31088C38DA9F} = {54A9ADB0-2E4C-4A09-8F9B-46D5B30E6DA3}
		{AD2B027D-7009-47B5-892A-63B6D266B4AF} = {54A9ADB0-2E4C-4A09-8F9B-46D5B30E6DA3}
	EndGlobalSection
EndGlobal
