
Microsoft Visual Studio Solution File, Format Version 11.00
# Visual Studio 2010
Project("{2150E333-8FDC-42A3-9474-1A3956D46DE8}") = "Bin", "Bin", "{3289B3C8-85A6-4CEC-9702-FEA92379FEDC}"
	ProjectSection(SolutionItems) = preProject
		Bin\Antlr3.Runtime.dll = Bin\Antlr3.Runtime.dll
		Bin\AutoMapper.dll = Bin\AutoMapper.dll
		Bin\Castle.Core.dll = Bin\Castle.Core.dll
		Bin\Castle.Windsor.dll = Bin\Castle.Windsor.dll
		Bin\Common.Logging.dll = Bin\Common.Logging.dll
		Bin\Elmah.dll = Bin\Elmah.dll
		Bin\FluentNHibernate.dll = Bin\FluentNHibernate.dll
		Bin\HibernatingRhinos.Profiler.Appender.dll = Bin\HibernatingRhinos.Profiler.Appender.dll
		Bin\Iesi.Collections.dll = Bin\Iesi.Collections.dll
		Bin\log4net.dll = Bin\log4net.dll
		Bin\Microsoft.Practices.ServiceLocation.dll = Bin\Microsoft.Practices.ServiceLocation.dll
		Bin\Microsoft.Web.Mvc.dll = Bin\Microsoft.Web.Mvc.dll
		Bin\MvcContrib.dll = Bin\MvcContrib.dll
		Bin\MvcContrib.FluentHtml.dll = Bin\MvcContrib.FluentHtml.dll
		Bin\MvcContrib.TestHelper.dll = Bin\MvcContrib.TestHelper.dll
		Bin\Newtonsoft.Json.dll = Bin\Newtonsoft.Json.dll
		Bin\NHibernate.ByteCode.Spring.dll = Bin\NHibernate.ByteCode.Spring.dll
		Bin\NHibernate.dll = Bin\NHibernate.dll
		Bin\NHibernate.Validator.dll = Bin\NHibernate.Validator.dll
		Bin\Remotion.Data.Linq.dll = Bin\Remotion.Data.Linq.dll
		Bin\Rhino.Mocks.dll = Bin\Rhino.Mocks.dll
		Bin\Spring.Aop.dll = Bin\Spring.Aop.dll
		Bin\Spring.Core.dll = Bin\Spring.Core.dll
		Bin\System.Data.SQLite.DLL = Bin\System.Data.SQLite.DLL
		Bin\Telerik.Web.Mvc.dll = Bin\Telerik.Web.Mvc.dll
		Bin\xVal.dll = Bin\xVal.dll
	EndProjectSection
EndProject
Project("{2150E333-8FDC-42A3-9474-1A3956D46DE8}") = "Arch", "Arch", "{D5BF31A8-F527-4309-BE1D-9065AA7B63C7}"
	ProjectSection(SolutionItems) = preProject
		Arch\UCDArch.dll = Arch\UCDArch.dll
	EndProjectSection
EndProject
Project("{FAE04EC0-301F-11D3-BF4B-00C04F79EFBC}") = "SampleUCDArchApp", "SampleUCDArchApp\SampleUCDArchApp.csproj", "{4382EC53-47CA-4FF1-A2B4-C22DE5012854}"
EndProject
Project("{FAE04EC0-301F-11D3-BF4B-00C04F79EFBC}") = "SampleUCDArchApp.Tests", "SampleUCDArchApp.Tests\SampleUCDArchApp.Tests.csproj", "{7F819EF2-8AF0-4B76-B7D9-BE246883E4FF}"
EndProject
Project("{FAE04EC0-301F-11D3-BF4B-00C04F79EFBC}") = "SampleUCDArchApp.Core", "SampleUCDArchApp.Core\SampleUCDArchApp.Core.csproj", "{8FD3C894-6FF0-4C94-9E85-E838B210D38B}"
EndProject
Project("{C8D11400-126E-41CD-887F-60BD40844F9E}") = "SampleUCDArchApp.Db", "SampleUCDArchApp.Db\SampleUCDArchApp.Db.dbproj", "{67CBC824-A49E-4E9B-A947-360F3DFE65C3}"
EndProject
Global
	GlobalSection(TeamFoundationVersionControl) = preSolution
		SccNumberOfProjects = 5
		SccEnterpriseProvider = {4CA58AB2-18FA-4F8D-95D4-32DDF27D184C}
		SccTeamFoundationServer = https://tfs.codeplex.com/tfs/tfs06
		SccLocalPath0 = .
		SccProjectUniqueName1 = SampleUCDArchApp.Tests\\SampleUCDArchApp.Tests.csproj
		SccProjectName1 = SampleUCDArchApp.Tests
		SccLocalPath1 = SampleUCDArchApp.Tests
		SccProjectUniqueName2 = SampleUCDArchApp\\SampleUCDArchApp.csproj
		SccProjectName2 = SampleUCDArchApp
		SccLocalPath2 = SampleUCDArchApp
		SccProjectUniqueName3 = SampleUCDArchApp.Core\\SampleUCDArchApp.Core.csproj
		SccProjectName3 = SampleUCDArchApp.Core
		SccLocalPath3 = SampleUCDArchApp.Core
		SccProjectUniqueName4 = SampleUCDArchApp.Db\\SampleUCDArchApp.Db.dbproj
		SccProjectName4 = SampleUCDArchApp.Db
		SccLocalPath4 = SampleUCDArchApp.Db
	EndGlobalSection
	GlobalSection(SolutionConfigurationPlatforms) = preSolution
		Debug|Any CPU = Debug|Any CPU
		Release|Any CPU = Release|Any CPU
	EndGlobalSection
	GlobalSection(ProjectConfigurationPlatforms) = postSolution
		{4382EC53-47CA-4FF1-A2B4-C22DE5012854}.Debug|Any CPU.ActiveCfg = Debug|Any CPU
		{4382EC53-47CA-4FF1-A2B4-C22DE5012854}.Debug|Any CPU.Build.0 = Debug|Any CPU
		{4382EC53-47CA-4FF1-A2B4-C22DE5012854}.Release|Any CPU.ActiveCfg = Release|Any CPU
		{4382EC53-47CA-4FF1-A2B4-C22DE5012854}.Release|Any CPU.Build.0 = Release|Any CPU
		{7F819EF2-8AF0-4B76-B7D9-BE246883E4FF}.Debug|Any CPU.ActiveCfg = Debug|Any CPU
		{7F819EF2-8AF0-4B76-B7D9-BE246883E4FF}.Debug|Any CPU.Build.0 = Debug|Any CPU
		{7F819EF2-8AF0-4B76-B7D9-BE246883E4FF}.Release|Any CPU.ActiveCfg = Release|Any CPU
		{7F819EF2-8AF0-4B76-B7D9-BE246883E4FF}.Release|Any CPU.Build.0 = Release|Any CPU
		{8FD3C894-6FF0-4C94-9E85-E838B210D38B}.Debug|Any CPU.ActiveCfg = Debug|Any CPU
		{8FD3C894-6FF0-4C94-9E85-E838B210D38B}.Debug|Any CPU.Build.0 = Debug|Any CPU
		{8FD3C894-6FF0-4C94-9E85-E838B210D38B}.Release|Any CPU.ActiveCfg = Release|Any CPU
		{8FD3C894-6FF0-4C94-9E85-E838B210D38B}.Release|Any CPU.Build.0 = Release|Any CPU
		{67CBC824-A49E-4E9B-A947-360F3DFE65C3}.Debug|Any CPU.ActiveCfg = Debug|Any CPU
		{67CBC824-A49E-4E9B-A947-360F3DFE65C3}.Release|Any CPU.ActiveCfg = Release|Any CPU
	EndGlobalSection
	GlobalSection(SolutionProperties) = preSolution
		HideSolutionNode = FALSE
	EndGlobalSection
EndGlobal
